<?xml version="1.0" encoding="UTF-8" standalone="yes" ?>
<CodeBlocks_project_file>
	<FileVersion major="1" minor="6" />
	<Project>
		<Option title="hashtable" />
		<Option pch_mode="2" />
		<Option compiler="gcc" />
		<Build>
			<Target title="Debug">
				<Option output="bin/Debug/hashtable" prefix_auto="1" extension_auto="1" />
				<Option object_output="obj/Debug/" />
				<Option type="1" />
				<Option compiler="gcc" />
				<Compiler>
					<Add option="-std=c++11" />
					<Add option="-g" />
					<Add directory="framework/boost" />
					<Add directory="framework/cute" />
				</Compiler>
				<Linker>
					<Add directory="framework/boost" />
					<Add directory="framework/cute" />
				</Linker>
			</Target>
			<Target title="Release">
				<Option output="bin/Release/hashtable" prefix_auto="1" extension_auto="1" />
				<Option object_output="obj/Release/" />
				<Option type="1" />
				<Option compiler="gcc" />
				<Compiler>
					<Add option="-O2" />
				</Compiler>
				<Linker>
					<Add option="-s" />
				</Linker>
			</Target>
		</Build>
		<Compiler>
			<Add option="-std=c++11" />
			<Add option="-Wall" />
		</Compiler>
		<Unit filename="main.cpp" />
		<Unit filename="hashtable.hpp" />
		<Unit filename="test/hashtableTests.hpp" />
		<Unit filename="test/hashtableTests.cpp" />
		<Unit filename="framework/boost/boost/assert.hpp" />
		<Unit filename="framework/boost/boost/bind.hpp" />
		<Unit filename="framework/boost/boost/bind/arg.hpp" />
		<Unit filename="framework/boost/boost/bind/bind.hpp" />
		<Unit filename="framework/boost/boost/bind/bind_cc.hpp" />
		<Unit filename="framework/boost/boost/bind/bind_mf2_cc.hpp" />
		<Unit filename="framework/boost/boost/bind/bind_mf_cc.hpp" />
		<Unit filename="framework/boost/boost/bind/bind_template.hpp" />
		<Unit filename="framework/boost/boost/bind/mem_fn.hpp" />
		<Unit filename="framework/boost/boost/bind/mem_fn_cc.hpp" />
		<Unit filename="framework/boost/boost/bind/mem_fn_template.hpp" />
		<Unit filename="framework/boost/boost/bind/mem_fn_vw.hpp" />
		<Unit filename="framework/boost/boost/bind/placeholders.hpp" />
		<Unit filename="framework/boost/boost/bind/storage.hpp" />
		<Unit filename="framework/boost/boost/config.hpp" />
		<Unit filename="framework/boost/boost/config/abi/borland_prefix.hpp" />
		<Unit filename="framework/boost/boost/config/abi/borland_suffix.hpp" />
		<Unit filename="framework/boost/boost/config/abi/msvc_prefix.hpp" />
		<Unit filename="framework/boost/boost/config/abi/msvc_suffix.hpp" />
		<Unit filename="framework/boost/boost/config/abi_prefix.hpp" />
		<Unit filename="framework/boost/boost/config/abi_suffix.hpp" />
		<Unit filename="framework/boost/boost/config/auto_link.hpp" />
		<Unit filename="framework/boost/boost/config/compiler/borland.hpp" />
		<Unit filename="framework/boost/boost/config/compiler/codegear.hpp" />
		<Unit filename="framework/boost/boost/config/compiler/comeau.hpp" />
		<Unit filename="framework/boost/boost/config/compiler/common_edg.hpp" />
		<Unit filename="framework/boost/boost/config/compiler/compaq_cxx.hpp" />
		<Unit filename="framework/boost/boost/config/compiler/digitalmars.hpp" />
		<Unit filename="framework/boost/boost/config/compiler/gcc.hpp" />
		<Unit filename="framework/boost/boost/config/compiler/gcc_xml.hpp" />
		<Unit filename="framework/boost/boost/config/compiler/greenhills.hpp" />
		<Unit filename="framework/boost/boost/config/compiler/hp_acc.hpp" />
		<Unit filename="framework/boost/boost/config/compiler/intel.hpp" />
		<Unit filename="framework/boost/boost/config/compiler/kai.hpp" />
		<Unit filename="framework/boost/boost/config/compiler/metrowerks.hpp" />
		<Unit filename="framework/boost/boost/config/compiler/mpw.hpp" />
		<Unit filename="framework/boost/boost/config/compiler/pgi.hpp" />
		<Unit filename="framework/boost/boost/config/compiler/sgi_mipspro.hpp" />
		<Unit filename="framework/boost/boost/config/compiler/sunpro_cc.hpp" />
		<Unit filename="framework/boost/boost/config/compiler/vacpp.hpp" />
		<Unit filename="framework/boost/boost/config/compiler/visualc.hpp" />
		<Unit filename="framework/boost/boost/config/no_tr1/cmath.hpp" />
		<Unit filename="framework/boost/boost/config/no_tr1/complex.hpp" />
		<Unit filename="framework/boost/boost/config/no_tr1/functional.hpp" />
		<Unit filename="framework/boost/boost/config/no_tr1/memory.hpp" />
		<Unit filename="framework/boost/boost/config/no_tr1/utility.hpp" />
		<Unit filename="framework/boost/boost/config/platform/aix.hpp" />
		<Unit filename="framework/boost/boost/config/platform/amigaos.hpp" />
		<Unit filename="framework/boost/boost/config/platform/beos.hpp" />
		<Unit filename="framework/boost/boost/config/platform/bsd.hpp" />
		<Unit filename="framework/boost/boost/config/platform/cygwin.hpp" />
		<Unit filename="framework/boost/boost/config/platform/hpux.hpp" />
		<Unit filename="framework/boost/boost/config/platform/irix.hpp" />
		<Unit filename="framework/boost/boost/config/platform/linux.hpp" />
		<Unit filename="framework/boost/boost/config/platform/macos.hpp" />
		<Unit filename="framework/boost/boost/config/platform/qnxnto.hpp" />
		<Unit filename="framework/boost/boost/config/platform/solaris.hpp" />
		<Unit filename="framework/boost/boost/config/platform/vxworks.hpp" />
		<Unit filename="framework/boost/boost/config/platform/win32.hpp" />
		<Unit filename="framework/boost/boost/config/posix_features.hpp" />
		<Unit filename="framework/boost/boost/config/requires_threads.hpp" />
		<Unit filename="framework/boost/boost/config/select_compiler_config.hpp" />
		<Unit filename="framework/boost/boost/config/select_platform_config.hpp" />
		<Unit filename="framework/boost/boost/config/select_stdlib_config.hpp" />
		<Unit filename="framework/boost/boost/config/stdlib/dinkumware.hpp" />
		<Unit filename="framework/boost/boost/config/stdlib/libcomo.hpp" />
		<Unit filename="framework/boost/boost/config/stdlib/libstdcpp3.hpp" />
		<Unit filename="framework/boost/boost/config/stdlib/modena.hpp" />
		<Unit filename="framework/boost/boost/config/stdlib/msl.hpp" />
		<Unit filename="framework/boost/boost/config/stdlib/roguewave.hpp" />
		<Unit filename="framework/boost/boost/config/stdlib/sgi.hpp" />
		<Unit filename="framework/boost/boost/config/stdlib/stlport.hpp" />
		<Unit filename="framework/boost/boost/config/stdlib/vacpp.hpp" />
		<Unit filename="framework/boost/boost/config/suffix.hpp" />
		<Unit filename="framework/boost/boost/config/user.hpp" />
		<Unit filename="framework/boost/boost/config/warning_disable.hpp" />
		<Unit filename="framework/boost/boost/cstdint.hpp" />
		<Unit filename="framework/boost/boost/current_function.hpp" />
		<Unit filename="framework/boost/boost/detail/endian.hpp" />
		<Unit filename="framework/boost/boost/detail/limits.hpp" />
		<Unit filename="framework/boost/boost/detail/no_exceptions_support.hpp" />
		<Unit filename="framework/boost/boost/detail/sp_typeinfo.hpp" />
		<Unit filename="framework/boost/boost/detail/workaround.hpp" />
		<Unit filename="framework/boost/boost/exception/detail/attribute_noreturn.hpp" />
		<Unit filename="framework/boost/boost/exception/exception.hpp" />
		<Unit filename="framework/boost/boost/function.hpp" />
		<Unit filename="framework/boost/boost/function/detail/function_iterate.hpp" />
		<Unit filename="framework/boost/boost/function/detail/maybe_include.hpp" />
		<Unit filename="framework/boost/boost/function/detail/prologue.hpp" />
		<Unit filename="framework/boost/boost/function/function0.hpp" />
		<Unit filename="framework/boost/boost/function/function1.hpp" />
		<Unit filename="framework/boost/boost/function/function10.hpp" />
		<Unit filename="framework/boost/boost/function/function2.hpp" />
		<Unit filename="framework/boost/boost/function/function3.hpp" />
		<Unit filename="framework/boost/boost/function/function4.hpp" />
		<Unit filename="framework/boost/boost/function/function5.hpp" />
		<Unit filename="framework/boost/boost/function/function6.hpp" />
		<Unit filename="framework/boost/boost/function/function7.hpp" />
		<Unit filename="framework/boost/boost/function/function8.hpp" />
		<Unit filename="framework/boost/boost/function/function9.hpp" />
		<Unit filename="framework/boost/boost/function/function_base.hpp" />
		<Unit filename="framework/boost/boost/function/function_fwd.hpp" />
		<Unit filename="framework/boost/boost/function/function_template.hpp" />
		<Unit filename="framework/boost/boost/function_equal.hpp" />
		<Unit filename="framework/boost/boost/get_pointer.hpp" />
		<Unit filename="framework/boost/boost/integer.hpp" />
		<Unit filename="framework/boost/boost/integer_fwd.hpp" />
		<Unit filename="framework/boost/boost/integer_traits.hpp" />
		<Unit filename="framework/boost/boost/is_placeholder.hpp" />
		<Unit filename="framework/boost/boost/limits.hpp" />
		<Unit filename="framework/boost/boost/mem_fn.hpp" />
		<Unit filename="framework/boost/boost/mpl/aux_/adl_barrier.hpp" />
		<Unit filename="framework/boost/boost/mpl/aux_/arity.hpp" />
		<Unit filename="framework/boost/boost/mpl/aux_/config/adl.hpp" />
		<Unit filename="framework/boost/boost/mpl/aux_/config/arrays.hpp" />
		<Unit filename="framework/boost/boost/mpl/aux_/config/ctps.hpp" />
		<Unit filename="framework/boost/boost/mpl/aux_/config/dtp.hpp" />
		<Unit filename="framework/boost/boost/mpl/aux_/config/eti.hpp" />
		<Unit filename="framework/boost/boost/mpl/aux_/config/gcc.hpp" />
		<Unit filename="framework/boost/boost/mpl/aux_/config/integral.hpp" />
		<Unit filename="framework/boost/boost/mpl/aux_/config/intel.hpp" />
		<Unit filename="framework/boost/boost/mpl/aux_/config/lambda.hpp" />
		<Unit filename="framework/boost/boost/mpl/aux_/config/msvc.hpp" />
		<Unit filename="framework/boost/boost/mpl/aux_/config/nttp.hpp" />
		<Unit filename="framework/boost/boost/mpl/aux_/config/overload_resolution.hpp" />
		<Unit filename="framework/boost/boost/mpl/aux_/config/preprocessor.hpp" />
		<Unit filename="framework/boost/boost/mpl/aux_/config/static_constant.hpp" />
		<Unit filename="framework/boost/boost/mpl/aux_/config/ttp.hpp" />
		<Unit filename="framework/boost/boost/mpl/aux_/config/workaround.hpp" />
		<Unit filename="framework/boost/boost/mpl/aux_/integral_wrapper.hpp" />
		<Unit filename="framework/boost/boost/mpl/aux_/lambda_arity_param.hpp" />
		<Unit filename="framework/boost/boost/mpl/aux_/lambda_support.hpp" />
		<Unit filename="framework/boost/boost/mpl/aux_/na.hpp" />
		<Unit filename="framework/boost/boost/mpl/aux_/na_fwd.hpp" />
		<Unit filename="framework/boost/boost/mpl/aux_/na_spec.hpp" />
		<Unit filename="framework/boost/boost/mpl/aux_/nttp_decl.hpp" />
		<Unit filename="framework/boost/boost/mpl/aux_/preprocessor/def_params_tail.hpp" />
		<Unit filename="framework/boost/boost/mpl/aux_/preprocessor/enum.hpp" />
		<Unit filename="framework/boost/boost/mpl/aux_/preprocessor/filter_params.hpp" />
		<Unit filename="framework/boost/boost/mpl/aux_/preprocessor/params.hpp" />
		<Unit filename="framework/boost/boost/mpl/aux_/preprocessor/sub.hpp" />
		<Unit filename="framework/boost/boost/mpl/aux_/preprocessor/tuple.hpp" />
		<Unit filename="framework/boost/boost/mpl/aux_/static_cast.hpp" />
		<Unit filename="framework/boost/boost/mpl/aux_/template_arity_fwd.hpp" />
		<Unit filename="framework/boost/boost/mpl/aux_/value_wknd.hpp" />
		<Unit filename="framework/boost/boost/mpl/aux_/yes_no.hpp" />
		<Unit filename="framework/boost/boost/mpl/bool.hpp" />
		<Unit filename="framework/boost/boost/mpl/bool_fwd.hpp" />
		<Unit filename="framework/boost/boost/mpl/if.hpp" />
		<Unit filename="framework/boost/boost/mpl/int.hpp" />
		<Unit filename="framework/boost/boost/mpl/int_fwd.hpp" />
		<Unit filename="framework/boost/boost/mpl/integral_c.hpp" />
		<Unit filename="framework/boost/boost/mpl/integral_c_fwd.hpp" />
		<Unit filename="framework/boost/boost/mpl/integral_c_tag.hpp" />
		<Unit filename="framework/boost/boost/mpl/lambda_fwd.hpp" />
		<Unit filename="framework/boost/boost/mpl/limits/arity.hpp" />
		<Unit filename="framework/boost/boost/mpl/size_t.hpp" />
		<Unit filename="framework/boost/boost/mpl/size_t_fwd.hpp" />
		<Unit filename="framework/boost/boost/mpl/void_fwd.hpp" />
		<Unit filename="framework/boost/boost/non_type.hpp" />
		<Unit filename="framework/boost/boost/preprocessor/arithmetic/add.hpp" />
		<Unit filename="framework/boost/boost/preprocessor/arithmetic/dec.hpp" />
		<Unit filename="framework/boost/boost/preprocessor/arithmetic/inc.hpp" />
		<Unit filename="framework/boost/boost/preprocessor/arithmetic/sub.hpp" />
		<Unit filename="framework/boost/boost/preprocessor/array/data.hpp" />
		<Unit filename="framework/boost/boost/preprocessor/array/elem.hpp" />
		<Unit filename="framework/boost/boost/preprocessor/array/size.hpp" />
		<Unit filename="framework/boost/boost/preprocessor/cat.hpp" />
		<Unit filename="framework/boost/boost/preprocessor/comma_if.hpp" />
		<Unit filename="framework/boost/boost/preprocessor/config/config.hpp" />
		<Unit filename="framework/boost/boost/preprocessor/control/detail/dmc/while.hpp" />
		<Unit filename="framework/boost/boost/preprocessor/control/detail/edg/while.hpp" />
		<Unit filename="framework/boost/boost/preprocessor/control/detail/msvc/while.hpp" />
		<Unit filename="framework/boost/boost/preprocessor/control/detail/while.hpp" />
		<Unit filename="framework/boost/boost/preprocessor/control/expr_iif.hpp" />
		<Unit filename="framework/boost/boost/preprocessor/control/if.hpp" />
		<Unit filename="framework/boost/boost/preprocessor/control/iif.hpp" />
		<Unit filename="framework/boost/boost/preprocessor/control/while.hpp" />
		<Unit filename="framework/boost/boost/preprocessor/debug/error.hpp" />
		<Unit filename="framework/boost/boost/preprocessor/detail/auto_rec.hpp" />
		<Unit filename="framework/boost/boost/preprocessor/detail/check.hpp" />
		<Unit filename="framework/boost/boost/preprocessor/detail/dmc/auto_rec.hpp" />
		<Unit filename="framework/boost/boost/preprocessor/detail/is_binary.hpp" />
		<Unit filename="framework/boost/boost/preprocessor/empty.hpp" />
		<Unit filename="framework/boost/boost/preprocessor/enum.hpp" />
		<Unit filename="framework/boost/boost/preprocessor/enum_params.hpp" />
		<Unit filename="framework/boost/boost/preprocessor/facilities/empty.hpp" />
		<Unit filename="framework/boost/boost/preprocessor/facilities/identity.hpp" />
		<Unit filename="framework/boost/boost/preprocessor/identity.hpp" />
		<Unit filename="framework/boost/boost/preprocessor/inc.hpp" />
		<Unit filename="framework/boost/boost/preprocessor/iterate.hpp" />
		<Unit filename="framework/boost/boost/preprocessor/iteration/detail/bounds/lower1.hpp" />
		<Unit filename="framework/boost/boost/preprocessor/iteration/detail/bounds/lower2.hpp" />
		<Unit filename="framework/boost/boost/preprocessor/iteration/detail/bounds/lower3.hpp" />
		<Unit filename="framework/boost/boost/preprocessor/iteration/detail/bounds/lower4.hpp" />
		<Unit filename="framework/boost/boost/preprocessor/iteration/detail/bounds/lower5.hpp" />
		<Unit filename="framework/boost/boost/preprocessor/iteration/detail/bounds/upper1.hpp" />
		<Unit filename="framework/boost/boost/preprocessor/iteration/detail/bounds/upper2.hpp" />
		<Unit filename="framework/boost/boost/preprocessor/iteration/detail/bounds/upper3.hpp" />
		<Unit filename="framework/boost/boost/preprocessor/iteration/detail/bounds/upper4.hpp" />
		<Unit filename="framework/boost/boost/preprocessor/iteration/detail/bounds/upper5.hpp" />
		<Unit filename="framework/boost/boost/preprocessor/iteration/detail/finish.hpp" />
		<Unit filename="framework/boost/boost/preprocessor/iteration/detail/iter/forward1.hpp" />
		<Unit filename="framework/boost/boost/preprocessor/iteration/detail/iter/forward2.hpp" />
		<Unit filename="framework/boost/boost/preprocessor/iteration/detail/iter/forward3.hpp" />
		<Unit filename="framework/boost/boost/preprocessor/iteration/detail/iter/forward4.hpp" />
		<Unit filename="framework/boost/boost/preprocessor/iteration/detail/iter/forward5.hpp" />
		<Unit filename="framework/boost/boost/preprocessor/iteration/detail/iter/reverse1.hpp" />
		<Unit filename="framework/boost/boost/preprocessor/iteration/detail/iter/reverse2.hpp" />
		<Unit filename="framework/boost/boost/preprocessor/iteration/detail/iter/reverse3.hpp" />
		<Unit filename="framework/boost/boost/preprocessor/iteration/detail/iter/reverse4.hpp" />
		<Unit filename="framework/boost/boost/preprocessor/iteration/detail/iter/reverse5.hpp" />
		<Unit filename="framework/boost/boost/preprocessor/iteration/detail/local.hpp" />
		<Unit filename="framework/boost/boost/preprocessor/iteration/detail/rlocal.hpp" />
		<Unit filename="framework/boost/boost/preprocessor/iteration/detail/self.hpp" />
		<Unit filename="framework/boost/boost/preprocessor/iteration/detail/start.hpp" />
		<Unit filename="framework/boost/boost/preprocessor/iteration/iterate.hpp" />
		<Unit filename="framework/boost/boost/preprocessor/iteration/local.hpp" />
		<Unit filename="framework/boost/boost/preprocessor/iteration/self.hpp" />
		<Unit filename="framework/boost/boost/preprocessor/list/adt.hpp" />
		<Unit filename="framework/boost/boost/preprocessor/list/detail/dmc/fold_left.hpp" />
		<Unit filename="framework/boost/boost/preprocessor/list/detail/edg/fold_left.hpp" />
		<Unit filename="framework/boost/boost/preprocessor/list/detail/edg/fold_right.hpp" />
		<Unit filename="framework/boost/boost/preprocessor/list/detail/fold_left.hpp" />
		<Unit filename="framework/boost/boost/preprocessor/list/detail/fold_right.hpp" />
		<Unit filename="framework/boost/boost/preprocessor/list/fold_left.hpp" />
		<Unit filename="framework/boost/boost/preprocessor/list/fold_right.hpp" />
		<Unit filename="framework/boost/boost/preprocessor/list/for_each_i.hpp" />
		<Unit filename="framework/boost/boost/preprocessor/list/reverse.hpp" />
		<Unit filename="framework/boost/boost/preprocessor/logical/and.hpp" />
		<Unit filename="framework/boost/boost/preprocessor/logical/bitand.hpp" />
		<Unit filename="framework/boost/boost/preprocessor/logical/bool.hpp" />
		<Unit filename="framework/boost/boost/preprocessor/logical/compl.hpp" />
		<Unit filename="framework/boost/boost/preprocessor/punctuation/comma.hpp" />
		<Unit filename="framework/boost/boost/preprocessor/punctuation/comma_if.hpp" />
		<Unit filename="framework/boost/boost/preprocessor/repeat.hpp" />
		<Unit filename="framework/boost/boost/preprocessor/repetition/detail/dmc/for.hpp" />
		<Unit filename="framework/boost/boost/preprocessor/repetition/detail/edg/for.hpp" />
		<Unit filename="framework/boost/boost/preprocessor/repetition/detail/for.hpp" />
		<Unit filename="framework/boost/boost/preprocessor/repetition/detail/msvc/for.hpp" />
		<Unit filename="framework/boost/boost/preprocessor/repetition/enum.hpp" />
		<Unit filename="framework/boost/boost/preprocessor/repetition/enum_params.hpp" />
		<Unit filename="framework/boost/boost/preprocessor/repetition/for.hpp" />
		<Unit filename="framework/boost/boost/preprocessor/repetition/repeat.hpp" />
		<Unit filename="framework/boost/boost/preprocessor/slot/detail/counter.hpp" />
		<Unit filename="framework/boost/boost/preprocessor/slot/detail/def.hpp" />
		<Unit filename="framework/boost/boost/preprocessor/slot/detail/shared.hpp" />
		<Unit filename="framework/boost/boost/preprocessor/slot/detail/slot1.hpp" />
		<Unit filename="framework/boost/boost/preprocessor/slot/detail/slot2.hpp" />
		<Unit filename="framework/boost/boost/preprocessor/slot/detail/slot3.hpp" />
		<Unit filename="framework/boost/boost/preprocessor/slot/detail/slot4.hpp" />
		<Unit filename="framework/boost/boost/preprocessor/slot/detail/slot5.hpp" />
		<Unit filename="framework/boost/boost/preprocessor/slot/slot.hpp" />
		<Unit filename="framework/boost/boost/preprocessor/tuple/eat.hpp" />
		<Unit filename="framework/boost/boost/preprocessor/tuple/elem.hpp" />
		<Unit filename="framework/boost/boost/preprocessor/tuple/rem.hpp" />
		<Unit filename="framework/boost/boost/preprocessor/tuple/to_list.hpp" />
		<Unit filename="framework/boost/boost/ref.hpp" />
		<Unit filename="framework/boost/boost/static_assert.hpp" />
		<Unit filename="framework/boost/boost/throw_exception.hpp" />
		<Unit filename="framework/boost/boost/type.hpp" />
		<Unit filename="framework/boost/boost/type_traits/add_const.hpp" />
		<Unit filename="framework/boost/boost/type_traits/add_reference.hpp" />
		<Unit filename="framework/boost/boost/type_traits/add_volatile.hpp" />
		<Unit filename="framework/boost/boost/type_traits/alignment_of.hpp" />
		<Unit filename="framework/boost/boost/type_traits/broken_compiler_spec.hpp" />
		<Unit filename="framework/boost/boost/type_traits/composite_traits.hpp" />
		<Unit filename="framework/boost/boost/type_traits/config.hpp" />
		<Unit filename="framework/boost/boost/type_traits/detail/bool_trait_def.hpp" />
		<Unit filename="framework/boost/boost/type_traits/detail/bool_trait_undef.hpp" />
		<Unit filename="framework/boost/boost/type_traits/detail/cv_traits_impl.hpp" />
		<Unit filename="framework/boost/boost/type_traits/detail/false_result.hpp" />
		<Unit filename="framework/boost/boost/type_traits/detail/ice_and.hpp" />
		<Unit filename="framework/boost/boost/type_traits/detail/ice_eq.hpp" />
		<Unit filename="framework/boost/boost/type_traits/detail/ice_not.hpp" />
		<Unit filename="framework/boost/boost/type_traits/detail/ice_or.hpp" />
		<Unit filename="framework/boost/boost/type_traits/detail/is_function_ptr_helper.hpp" />
		<Unit filename="framework/boost/boost/type_traits/detail/is_function_ptr_tester.hpp" />
		<Unit filename="framework/boost/boost/type_traits/detail/is_mem_fun_pointer_impl.hpp" />
		<Unit filename="framework/boost/boost/type_traits/detail/is_mem_fun_pointer_tester.hpp" />
		<Unit filename="framework/boost/boost/type_traits/detail/size_t_trait_def.hpp" />
		<Unit filename="framework/boost/boost/type_traits/detail/size_t_trait_undef.hpp" />
		<Unit filename="framework/boost/boost/type_traits/detail/template_arity_spec.hpp" />
		<Unit filename="framework/boost/boost/type_traits/detail/type_trait_def.hpp" />
		<Unit filename="framework/boost/boost/type_traits/detail/type_trait_undef.hpp" />
		<Unit filename="framework/boost/boost/type_traits/detail/wrap.hpp" />
		<Unit filename="framework/boost/boost/type_traits/detail/yes_no_type.hpp" />
		<Unit filename="framework/boost/boost/type_traits/has_trivial_copy.hpp" />
		<Unit filename="framework/boost/boost/type_traits/has_trivial_destructor.hpp" />
		<Unit filename="framework/boost/boost/type_traits/ice.hpp" />
		<Unit filename="framework/boost/boost/type_traits/integral_constant.hpp" />
		<Unit filename="framework/boost/boost/type_traits/intrinsics.hpp" />
		<Unit filename="framework/boost/boost/type_traits/is_abstract.hpp" />
		<Unit filename="framework/boost/boost/type_traits/is_arithmetic.hpp" />
		<Unit filename="framework/boost/boost/type_traits/is_array.hpp" />
		<Unit filename="framework/boost/boost/type_traits/is_class.hpp" />
		<Unit filename="framework/boost/boost/type_traits/is_const.hpp" />
		<Unit filename="framework/boost/boost/type_traits/is_convertible.hpp" />
		<Unit filename="framework/boost/boost/type_traits/is_enum.hpp" />
		<Unit filename="framework/boost/boost/type_traits/is_float.hpp" />
		<Unit filename="framework/boost/boost/type_traits/is_floating_point.hpp" />
		<Unit filename="framework/boost/boost/type_traits/is_function.hpp" />
		<Unit filename="framework/boost/boost/type_traits/is_integral.hpp" />
		<Unit filename="framework/boost/boost/type_traits/is_member_function_pointer.hpp" />
		<Unit filename="framework/boost/boost/type_traits/is_member_pointer.hpp" />
		<Unit filename="framework/boost/boost/type_traits/is_pod.hpp" />
		<Unit filename="framework/boost/boost/type_traits/is_pointer.hpp" />
		<Unit filename="framework/boost/boost/type_traits/is_polymorphic.hpp" />
		<Unit filename="framework/boost/boost/type_traits/is_reference.hpp" />
		<Unit filename="framework/boost/boost/type_traits/is_same.hpp" />
		<Unit filename="framework/boost/boost/type_traits/is_scalar.hpp" />
		<Unit filename="framework/boost/boost/type_traits/is_signed.hpp" />
		<Unit filename="framework/boost/boost/type_traits/is_union.hpp" />
		<Unit filename="framework/boost/boost/type_traits/is_unsigned.hpp" />
		<Unit filename="framework/boost/boost/type_traits/is_void.hpp" />
		<Unit filename="framework/boost/boost/type_traits/is_volatile.hpp" />
		<Unit filename="framework/boost/boost/type_traits/make_signed.hpp" />
		<Unit filename="framework/boost/boost/type_traits/msvc/remove_bounds.hpp" />
		<Unit filename="framework/boost/boost/type_traits/msvc/remove_cv.hpp" />
		<Unit filename="framework/boost/boost/type_traits/msvc/remove_reference.hpp" />
		<Unit filename="framework/boost/boost/type_traits/msvc/typeof.hpp" />
		<Unit filename="framework/boost/boost/type_traits/remove_bounds.hpp" />
		<Unit filename="framework/boost/boost/type_traits/remove_cv.hpp" />
		<Unit filename="framework/boost/boost/type_traits/remove_reference.hpp" />
		<Unit filename="framework/boost/boost/utility/addressof.hpp" />
		<Unit filename="framework/boost/boost/utility/enable_if.hpp" />
		<Unit filename="framework/boost/boost/version.hpp" />
		<Unit filename="framework/boost/boost/visit_each.hpp" />
		<Unit filename="framework/cute/cute.h" />
		<Unit filename="framework/cute/cute_base.h" />
		<Unit filename="framework/cute/cute_counting_listener.h" />
		<Unit filename="framework/cute/cute_data_driven.h" />
		<Unit filename="framework/cute/cute_demangle.h" />
		<Unit filename="framework/cute/cute_determine_library.h" />
		<Unit filename="framework/cute/cute_determine_traits.h" />
		<Unit filename="framework/cute/cute_determine_version.h" />
		<Unit filename="framework/cute/cute_diff_values.h" />
		<Unit filename="framework/cute/cute_equals.h" />
		<Unit filename="framework/cute/cute_listener.h" />
		<Unit filename="framework/cute/cute_relops.h" />
		<Unit filename="framework/cute/cute_repeated_test.h" />
		<Unit filename="framework/cute/cute_runner.h" />
		<Unit filename="framework/cute/cute_suite.h" />
		<Unit filename="framework/cute/cute_suite_test.h" />
		<Unit filename="framework/cute/cute_test.h" />
		<Unit filename="framework/cute/cute_test_incarnate.h" />
		<Unit filename="framework/cute/cute_testmember.h" />
		<Unit filename="framework/cute/cute_throws.h" />
		<Unit filename="framework/cute/cute_to_string.h" />
		<Unit filename="framework/cute/cute_version.h" />
		<Unit filename="framework/cute/cute_xml_file.h" />
		<Unit filename="framework/cute/gpl.txt" />
		<Unit filename="framework/cute/ide_listener.h" />
		<Unit filename="framework/cute/lgpl.txt" />
		<Unit filename="framework/cute/ostream_listener.h" />
		<Unit filename="framework/cute/xml_listener.h" />
		<Extensions>
			<code_completion />
			<debugger />
		</Extensions>
	</Project>
</CodeBlocks_project_file>
